{
  "name": "evolux.everblack",
  "version": "1.0.0",
  "lockfileVersion": 2,
  "requires": true,
  "packages": {
    "": {
      "name": "evolux.everblack",
      "version": "1.0.0",
      "license": "MIT",
      "dependencies": {
        "evolux.supervise": "file:../evolux.supervise",
        "evolux.universe": "file:../evolux.universe",
        "evolux.util": "file:../evolux.util"
      }
    },
    "../evolux.supervise": {
      "version": "1.0.0",
      "license": "MIT",
      "devDependencies": {}
    },
    "../evolux.universe": {
      "version": "1.0.0",
      "license": "MIT",
      "dependencies": {
        "@webcomponents/webcomponentsjs": "^2.2.10",
        "cors": "^2.8.5",
        "cuid": "^2.1.8",
        "dotenv": "^16.3.1",
        "express": "^4.17.1",
        "greenlock-express": "^4.0.3",
        "node-localstorage": "^2.1.5",
        "stacktrace-js": "^2.0.0",
        "yargs": "^17.7.2"
      }
    },
    "../evolux.util": {
      "version": "1.0.0",
      "license": "MIT",
      "devDependencies": {}
    },
    "node_modules/evolux.supervise": {
      "resolved": "../evolux.supervise",
      "link": true
    },
    "node_modules/evolux.universe": {
      "resolved": "../evolux.universe",
      "link": true
    },
    "node_modules/evolux.util": {
      "resolved": "../evolux.util",
      "link": true
    }
  },
  "dependencies": {
    "evolux.supervise": {
      "version": "file:../evolux.supervise"
    },
    "evolux.universe": {
      "version": "file:../evolux.universe",
      "requires": {
        "@webcomponents/webcomponentsjs": "^2.2.10",
        "cors": "^2.8.5",
        "cuid": "^2.1.8",
        "dotenv": "^16.3.1",
        "express": "^4.17.1",
        "greenlock-express": "^4.0.3",
        "node-localstorage": "^2.1.5",
        "stacktrace-js": "^2.0.0",
        "yargs": "^17.7.2"
      }
    },
    "evolux.util": {
      "version": "file:../evolux.util"
    }
  }
}
